Microsoft Visual Studio Solution File, Format Version 12.00
# Visual Studio Version 17
VisualStudioVersion = 17.5.2.0
MinimumVisualStudioVersion = 10.0.40219.1
Project("{FAE04EC0-301F-11D3-BF4B-00C04F79EFBC}") = "Hw2", "Hw2\Hw2.csproj", "{4AB256C8-9318-9EB1-6096-0E3F536FB694}"
EndProject
Global
	GlobalSection(SolutionConfigurationPlatforms) = preSolution
		Debug|Any CPU = Debug|Any CPU
		Release|Any CPU = Release|Any CPU
	EndGlobalSection
	GlobalSection(ProjectConfigurationPlatforms) = postSolution
		{4AB256C8-9318-9EB1-6096-0E3F536FB694}.Debug|Any CPU.ActiveCfg = Debug|Any CPU
		{4AB256C8-9318-9EB1-6096-0E3F536FB694}.Debug|Any CPU.Build.0 = Debug|Any CPU
		{4AB256C8-9318-9EB1-6096-0E3F536FB694}.Release|Any CPU.ActiveCfg = Release|Any CPU
		{4AB256C8-9318-9EB1-6096-0E3F536FB694}.Release|Any CPU.Build.0 = Release|Any CPU
	EndGlobalSection
	GlobalSection(SolutionProperties) = preSolution
		HideSolutionNode = FALSE
	EndGlobalSection
	GlobalSection(ExtensibilityGlobals) = postSolution
		SolutionGuid = {8C4A4330-7E1C-4A3E-965E-CA15F8696F73}
	EndGlobalSection
EndGlobal
